
Microsoft Visual Studio Solution File, Format Version 12.00
# Visual Studio Version 17
VisualStudioVersion = 17.0.31903.59
MinimumVisualStudioVersion = 10.0.40219.1
Project("{FAE04EC0-301F-11D3-BF4B-00C04F79EFBC}") = "Kata1.Core", "Kata1.Core\Kata1.Core.csproj", "{71B1F13D-0A6C-48A3-9CF8-8824A58CB12F}"
EndProject
Project("{FAE04EC0-301F-11D3-BF4B-00C04F79EFBC}") = "Kata1.Tests", "Kata1.Tests\Kata1.Tests.csproj", "{D9B375AB-2998-4A66-BE99-0E2F01670EB7}"
EndProject
Global
	GlobalSection(SolutionConfigurationPlatforms) = preSolution
		Debug|Any CPU = Debug|Any CPU
		Release|Any CPU = Release|Any CPU
	EndGlobalSection
	GlobalSection(SolutionProperties) = preSolution
		HideSolutionNode = FALSE
	EndGlobalSection
	GlobalSection(ProjectConfigurationPlatforms) = postSolution
		{71B1F13D-0A6C-48A3-9CF8-8824A58CB12F}.Debug|Any CPU.ActiveCfg = Debug|Any CPU
		{71B1F13D-0A6C-48A3-9CF8-8824A58CB12F}.Debug|Any CPU.Build.0 = Debug|Any CPU
		{71B1F13D-0A6C-48A3-9CF8-8824A58CB12F}.Release|Any CPU.ActiveCfg = Release|Any CPU
		{71B1F13D-0A6C-48A3-9CF8-8824A58CB12F}.Release|Any CPU.Build.0 = Release|Any CPU
		{D9B375AB-2998-4A66-BE99-0E2F01670EB7}.Debug|Any CPU.ActiveCfg = Debug|Any CPU
		{D9B375AB-2998-4A66-BE99-0E2F01670EB7}.Debug|Any CPU.Build.0 = Debug|Any CPU
		{D9B375AB-2998-4A66-BE99-0E2F01670EB7}.Release|Any CPU.ActiveCfg = Release|Any CPU
		{D9B375AB-2998-4A66-BE99-0E2F01670EB7}.Release|Any CPU.Build.0 = Release|Any CPU
	EndGlobalSection
EndGlobal
